
Microsoft Visual Studio Solution File, Format Version 12.00
# Visual Studio Version 16
VisualStudioVersion = 16.0.31605.320
MinimumVisualStudioVersion = 10.0.40219.1
Project("{FAE04EC0-301F-11D3-BF4B-00C04F79EFBC}") = "Trainer", "Trainer.csproj", "{0B0DF5B7-220F-46E1-90D5-5C5948BBA16B}"
EndProject
Project("{FAE04EC0-301F-11D3-BF4B-00C04F79EFBC}") = "Trainer.DAL", "..\Trainer.DAL\Trainer.DAL.csproj", "{EE9FAC2A-C337-4C3E-99AA-B85718242FED}"
EndProject
Project("{FAE04EC0-301F-11D3-BF4B-00C04F79EFBC}") = "Trainer.BLL", "..\Trainer.BLL\Trainer.BLL.csproj", "{DA141829-A301-484B-9A94-0294B41987C7}"
EndProject
Global
	GlobalSection(SolutionConfigurationPlatforms) = preSolution
		Debug|Any CPU = Debug|Any CPU
		Release|Any CPU = Release|Any CPU
	EndGlobalSection
	GlobalSection(ProjectConfigurationPlatforms) = postSolution
		{0B0DF5B7-220F-46E1-90D5-5C5948BBA16B}.Debug|Any CPU.ActiveCfg = Debug|Any CPU
		{0B0DF5B7-220F-46E1-90D5-5C5948BBA16B}.Debug|Any CPU.Build.0 = Debug|Any CPU
		{0B0DF5B7-220F-46E1-90D5-5C5948BBA16B}.Release|Any CPU.ActiveCfg = Release|Any CPU
		{0B0DF5B7-220F-46E1-90D5-5C5948BBA16B}.Release|Any CPU.Build.0 = Release|Any CPU
		{EE9FAC2A-C337-4C3E-99AA-B85718242FED}.Debug|Any CPU.ActiveCfg = Debug|Any CPU
		{EE9FAC2A-C337-4C3E-99AA-B85718242FED}.Debug|Any CPU.Build.0 = Debug|Any CPU
		{EE9FAC2A-C337-4C3E-99AA-B85718242FED}.Release|Any CPU.ActiveCfg = Release|Any CPU
		{EE9FAC2A-C337-4C3E-99AA-B85718242FED}.Release|Any CPU.Build.0 = Release|Any CPU
		{DA141829-A301-484B-9A94-0294B41987C7}.Debug|Any CPU.ActiveCfg = Debug|Any CPU
		{DA141829-A301-484B-9A94-0294B41987C7}.Debug|Any CPU.Build.0 = Debug|Any CPU
		{DA141829-A301-484B-9A94-0294B41987C7}.Release|Any CPU.ActiveCfg = Release|Any CPU
		{DA141829-A301-484B-9A94-0294B41987C7}.Release|Any CPU.Build.0 = Release|Any CPU
	EndGlobalSection
	GlobalSection(SolutionProperties) = preSolution
		HideSolutionNode = FALSE
	EndGlobalSection
	GlobalSection(ExtensibilityGlobals) = postSolution
		SolutionGuid = {9C2DB1E3-FDFC-4E20-BC83-5EA843A33E17}
	EndGlobalSection
EndGlobal
